
Microsoft Visual Studio Solution File, Format Version 12.00
# Visual Studio Version 17
VisualStudioVersion = 17.0.31903.59
MinimumVisualStudioVersion = 10.0.40219.1
Project("{FAE04EC0-301F-11D3-BF4B-00C04F79EFBC}") = "NAsciidoc.Core", "NAsciidoc.Core\NAsciidoc.Core.csproj", "{2B819761-EB26-4B1E-B6F1-5ED0B61D296D}"
EndProject
Project("{FAE04EC0-301F-11D3-BF4B-00C04F79EFBC}") = "NAsciidoc.Tests", "NAsciidoc.Tests\NAsciidoc.Tests.csproj", "{E664C482-A562-4129-B463-81DDAC227A0F}"
EndProject
Global
	GlobalSection(SolutionConfigurationPlatforms) = preSolution
		Debug|Any CPU = Debug|Any CPU
		Release|Any CPU = Release|Any CPU
	EndGlobalSection
	GlobalSection(SolutionProperties) = preSolution
		HideSolutionNode = FALSE
	EndGlobalSection
	GlobalSection(ProjectConfigurationPlatforms) = postSolution
		{2B819761-EB26-4B1E-B6F1-5ED0B61D296D}.Debug|Any CPU.ActiveCfg = Debug|Any CPU
		{2B819761-EB26-4B1E-B6F1-5ED0B61D296D}.Debug|Any CPU.Build.0 = Debug|Any CPU
		{2B819761-EB26-4B1E-B6F1-5ED0B61D296D}.Release|Any CPU.ActiveCfg = Release|Any CPU
		{2B819761-EB26-4B1E-B6F1-5ED0B61D296D}.Release|Any CPU.Build.0 = Release|Any CPU
		{E664C482-A562-4129-B463-81DDAC227A0F}.Debug|Any CPU.ActiveCfg = Debug|Any CPU
		{E664C482-A562-4129-B463-81DDAC227A0F}.Debug|Any CPU.Build.0 = Debug|Any CPU
		{E664C482-A562-4129-B463-81DDAC227A0F}.Release|Any CPU.ActiveCfg = Release|Any CPU
		{E664C482-A562-4129-B463-81DDAC227A0F}.Release|Any CPU.Build.0 = Release|Any CPU
	EndGlobalSection
EndGlobal
